{
  "name": "logicflow_arrow_demo",
  "version": "0.0.0",
  "lockfileVersion": 2,
  "requires": true,
  "packages": {
    "": {
      "name": "logicflow_arrow_demo",
      "version": "0.0.0",
      "dependencies": {
        "@logicflow/core": "^1.1.29",
        "@logicflow/extension": "^1.1.29",
        "vue": "^3.2.25"
      },
      "devDependencies": {
        "@vitejs/plugin-vue": "^2.0.0",
        "vite": "^2.7.2"
      }
    },
    "node_modules/@babel/parser": {
      "version": "7.19.4",
      "resolved": "http://registry.npm.xiaojukeji.com/@babel/parser/download/@babel/parser-7.19.4.tgz",
      "integrity": "sha1-A8QznSuJces77KUlK6/Zufeds9w=",
      "license": "MIT",
      "bin": {
        "parser": "bin/babel-parser.js"
      },
      "engines": {
        "node": ">=6.0.0"
      }
    },
    "node_modules/@esbuild/linux-loong64": {
      "version": "0.14.54",
      "resolved": "http://registry.npm.xiaojukeji.com/@esbuild/linux-loong64/download/@esbuild/linux-loong64-0.14.54.tgz",
      "integrity": "sha1-3ipL5ni9TQ0f+7hubed5zeWZkCg=",
      "cpu": [
        "loong64"
      ],
      "dev": true,
      "license": "MIT",
      "optional": true,
      "os": [
        "linux"
      ],
      "engines": {
        "node": ">=12"
      }
    },
    "node_modules/@logicflow/core": {
      "version": "1.1.29",
      "resolved": "http://registry.npm.xiaojukeji.com/@logicflow/core/download/@logicflow/core-1.1.29.tgz",
      "integrity": "sha1-E1ndp1/7kaOX+kc7ynVKjFzjDL4=",
      "license": "Apache-2.0",
      "dependencies": {
        "@types/mousetrap": "^1.6.4",
        "mousetrap": "^1.6.5",
        "preact": "^10.4.8"
      }
    },
    "node_modules/@logicflow/extension": {
      "version": "1.1.29",
      "resolved": "http://registry.npm.xiaojukeji.com/@logicflow/extension/download/@logicflow/extension-1.1.29.tgz",
      "integrity": "sha1-aUfUgyLfkez3vJQosOuBR50cLTI=",
      "license": "Apache-2.0",
      "dependencies": {
        "@logicflow/core": "^1.1.29",
        "ids": "^1.0.0",
        "preact": "^10.4.8"
      }
    },
    "node_modules/@types/mousetrap": {
      "version": "1.6.9",
      "resolved": "http://registry.npm.xiaojukeji.com/@types/mousetrap/download/@types/mousetrap-1.6.9.tgz",
      "integrity": "sha1-8e+a29Hqw0ZvIbaYixyCxjOkU0A=",
      "license": "MIT"
    },
    "node_modules/@vitejs/plugin-vue": {
      "version": "2.3.4",
      "resolved": "http://registry.npm.xiaojukeji.com/@vitejs/plugin-vue/download/@vitejs/plugin-vue-2.3.4.tgz",
      "integrity": "sha1-lmpieQYOstnRoC6hozGvBxr9z54=",
      "dev": true,
      "license": "MIT",
      "engines": {
        "node": ">=12.0.0"
      },
      "peerDependencies": {
        "vite": "^2.5.10",
        "vue": "^3.2.25"
      }
    },
    "node_modules/@vue/compiler-core": {
      "version": "3.2.39",
      "resolved": "http://registry.npm.xiaojukeji.com/@vue/compiler-core/download/@vue/compiler-core-3.2.39.tgz",
      "integrity": "sha1-DXfmNfS9uRgyZmkVWi3Jd8BTlD4=",
      "license": "MIT",
      "dependencies": {
        "@babel/parser": "^7.16.4",
        "@vue/shared": "3.2.39",
        "estree-walker": "^2.0.2",
        "source-map": "^0.6.1"
      }
    },
    "node_modules/@vue/compiler-dom": {
      "version": "3.2.39",
      "resolved": "http://registry.npm.xiaojukeji.com/@vue/compiler-dom/download/@vue/compiler-dom-3.2.39.tgz",
      "integrity": "sha1-vWnTXBpI/izqSrnpbSo6c10Ub98=",
      "license": "MIT",
      "dependencies": {
        "@vue/compiler-core": "3.2.39",
        "@vue/shared": "3.2.39"
      }
    },
    "node_modules/@vue/compiler-sfc": {
      "version": "3.2.39",
      "resolved": "http://registry.npm.xiaojukeji.com/@vue/compiler-sfc/download/@vue/compiler-sfc-3.2.39.tgz",
      "integrity": "sha1-j+KZkPZygFt8Wi7PpbBeaByGLqI=",
      "license": "MIT",
      "dependencies": {
        "@babel/parser": "^7.16.4",
        "@vue/compiler-core": "3.2.39",
        "@vue/compiler-dom": "3.2.39",
        "@vue/compiler-ssr": "3.2.39",
        "@vue/reactivity-transform": "3.2.39",
        "@vue/shared": "3.2.39",
        "estree-walker": "^2.0.2",
        "magic-string": "^0.25.7",
        "postcss": "^8.1.10",
        "source-map": "^0.6.1"
      }
    },
    "node_modules/@vue/compiler-ssr": {
      "version": "3.2.39",
      "resolved": "http://registry.npm.xiaojukeji.com/@vue/compiler-ssr/download/@vue/compiler-ssr-3.2.39.tgz",
      "integrity": "sha1-Tzv7U1y5i3ZL7kXgeHAOA8zGBjM=",
      "license": "MIT",
      "dependencies": {
        "@vue/compiler-dom": "3.2.39",
        "@vue/shared": "3.2.39"
      }
    },
    "node_modules/@vue/reactivity": {
      "version": "3.2.39",
      "resolved": "http://registry.npm.xiaojukeji.com/@vue/reactivity/download/@vue/reactivity-3.2.39.tgz",
      "integrity": "sha1-5uNhX+IojUIysQRkDdq9BymnjIA=",
      "license": "MIT",
      "dependencies": {
        "@vue/shared": "3.2.39"
      }
    },
    "node_modules/@vue/reactivity-transform": {
      "version": "3.2.39",
      "resolved": "http://registry.npm.xiaojukeji.com/@vue/reactivity-transform/download/@vue/reactivity-transform-3.2.39.tgz",
      "integrity": "sha1-2mrmyP13eRua4hl2cg0RZZHhxKo=",
      "license": "MIT",
      "dependencies": {
        "@babel/parser": "^7.16.4",
        "@vue/compiler-core": "3.2.39",
        "@vue/shared": "3.2.39",
        "estree-walker": "^2.0.2",
        "magic-string": "^0.25.7"
      }
    },
    "node_modules/@vue/runtime-core": {
      "version": "3.2.39",
      "resolved": "http://registry.npm.xiaojukeji.com/@vue/runtime-core/download/@vue/runtime-core-3.2.39.tgz",
      "integrity": "sha1-3B+syrEbPoEZeroz+zDJRHwdLIQ=",
      "license": "MIT",
      "dependencies": {
        "@vue/reactivity": "3.2.39",
        "@vue/shared": "3.2.39"
      }
    },
    "node_modules/@vue/runtime-dom": {
      "version": "3.2.39",
      "resolved": "http://registry.npm.xiaojukeji.com/@vue/runtime-dom/download/@vue/runtime-dom-3.2.39.tgz",
      "integrity": "sha1-SoyxMrzvMW6BUcXtB/xycusGRhQ=",
      "license": "MIT",
      "dependencies": {
        "@vue/runtime-core": "3.2.39",
        "@vue/shared": "3.2.39",
        "csstype": "^2.6.8"
      }
    },
    "node_modules/@vue/server-renderer": {
      "version": "3.2.39",
      "resolved": "http://registry.npm.xiaojukeji.com/@vue/server-renderer/download/@vue/server-renderer-3.2.39.tgz",
      "integrity": "sha1-Q1gpLZJSM7DYtUzwUT6uzosjUcU=",
      "license": "MIT",
      "dependencies": {
        "@vue/compiler-ssr": "3.2.39",
        "@vue/shared": "3.2.39"
      },
      "peerDependencies": {
        "vue": "3.2.39"
      }
    },
    "node_modules/@vue/shared": {
      "version": "3.2.39",
      "resolved": "http://registry.npm.xiaojukeji.com/@vue/shared/download/@vue/shared-3.2.39.tgz",
      "integrity": "sha1-MC3xZ1WaGlFW2hYtjMZ2DO9n+OM=",
      "license": "MIT"
    },
    "node_modules/csstype": {
      "version": "2.6.21",
      "resolved": "http://registry.npm.xiaojukeji.com/csstype/download/csstype-2.6.21.tgz",
      "integrity": "sha1-LvuFt8xVyAAXxmpa18vZMf2jqQ4=",
      "license": "MIT"
    },
    "node_modules/esbuild": {
      "version": "0.14.54",
      "resolved": "http://registry.npm.xiaojukeji.com/esbuild/download/esbuild-0.14.54.tgz",
      "integrity": "sha1-i0Tc8rDxpm/CJFmUPcz0d1NemqI=",
      "dev": true,
      "hasInstallScript": true,
      "license": "MIT",
      "bin": {
        "esbuild": "bin/esbuild"
      },
      "engines": {
        "node": ">=12"
      },
      "optionalDependencies": {
        "@esbuild/linux-loong64": "0.14.54",
        "esbuild-android-64": "0.14.54",
        "esbuild-android-arm64": "0.14.54",
        "esbuild-darwin-64": "0.14.54",
        "esbuild-darwin-arm64": "0.14.54",
        "esbuild-freebsd-64": "0.14.54",
        "esbuild-freebsd-arm64": "0.14.54",
        "esbuild-linux-32": "0.14.54",
        "esbuild-linux-64": "0.14.54",
        "esbuild-linux-arm": "0.14.54",
        "esbuild-linux-arm64": "0.14.54",
        "esbuild-linux-mips64le": "0.14.54",
        "esbuild-linux-ppc64le": "0.14.54",
        "esbuild-linux-riscv64": "0.14.54",
        "esbuild-linux-s390x": "0.14.54",
        "esbuild-netbsd-64": "0.14.54",
        "esbuild-openbsd-64": "0.14.54",
        "esbuild-sunos-64": "0.14.54",
        "esbuild-windows-32": "0.14.54",
        "esbuild-windows-64": "0.14.54",
        "esbuild-windows-arm64": "0.14.54"
      }
    },
    "node_modules/esbuild-android-64": {
      "version": "0.14.54",
      "resolved": "http://registry.npm.xiaojukeji.com/esbuild-android-64/download/esbuild-android-64-0.14.54.tgz",
      "integrity": "sha1-UF9BgyiEMTu6/7J3BLi8qi2GFr4=",
      "cpu": [
        "x64"
      ],
      "dev": true,
      "license": "MIT",
      "optional": true,
      "os": [
        "android"
      ],
      "engines": {
        "node": ">=12"
      }
    },
    "node_modules/esbuild-android-arm64": {
      "version": "0.14.54",
      "resolved": "http://registry.npm.xiaojukeji.com/esbuild-android-arm64/download/esbuild-android-arm64-0.14.54.tgz",
      "integrity": "sha1-jOadfKuklkbgCZaP5XVKIamHF3E=",
      "cpu": [
        "arm64"
      ],
      "dev": true,
      "license": "MIT",
      "optional": true,
      "os": [
        "android"
      ],
      "engines": {
        "node": ">=12"
      }
    },
    "node_modules/esbuild-darwin-64": {
      "version": "0.14.54",
      "resolved": "http://registry.npm.xiaojukeji.com/esbuild-darwin-64/download/esbuild-darwin-64-0.14.54.tgz",
      "integrity": "sha1-JLpnuajLiQo8CNkBj4h8wiHN2iU=",
      "cpu": [
        "x64"
      ],
      "dev": true,
      "license": "MIT",
      "optional": true,
      "os": [
        "darwin"
      ],
      "engines": {
        "node": ">=12"
      }
    },
    "node_modules/esbuild-darwin-arm64": {
      "version": "0.14.54",
      "resolved": "http://registry.npm.xiaojukeji.com/esbuild-darwin-arm64/download/esbuild-darwin-arm64-0.14.54.tgz",
      "integrity": "sha1-P3zbeIiO4F5IjSUKK9qrH6Zxv3M=",
      "cpu": [
        "arm64"
      ],
      "dev": true,
      "license": "MIT",
      "optional": true,
      "os": [
        "darwin"
      ],
      "engines": {
        "node": ">=12"
      }
    },
    "node_modules/esbuild-freebsd-64": {
      "version": "0.14.54",
      "resolved": "http://registry.npm.xiaojukeji.com/esbuild-freebsd-64/download/esbuild-freebsd-64-0.14.54.tgz",
      "integrity": "sha1-CSUPmXpW7UZQ8+GXnJBf/EC76U0=",
      "cpu": [
        "x64"
      ],
      "dev": true,
      "license": "MIT",
      "optional": true,
      "os": [
        "freebsd"
      ],
      "engines": {
        "node": ">=12"
      }
    },
    "node_modules/esbuild-freebsd-arm64": {
      "version": "0.14.54",
      "resolved": "http://registry.npm.xiaojukeji.com/esbuild-freebsd-arm64/download/esbuild-freebsd-arm64-0.14.54.tgz",
      "integrity": "sha1-uvtG7QT8X5fL2wFthpR6eVefjkg=",
      "cpu": [
        "arm64"
      ],
      "dev": true,
      "license": "MIT",
      "optional": true,
      "os": [
        "freebsd"
      ],
      "engines": {
        "node": ">=12"
      }
    },
    "node_modules/esbuild-linux-32": {
      "version": "0.14.54",
      "resolved": "http://registry.npm.xiaojukeji.com/esbuild-linux-32/download/esbuild-linux-32-0.14.54.tgz",
      "integrity": "sha1-4qjEqO/cNVQFMlAz/OvrlB94H+U=",
      "cpu": [
        "ia32"
      ],
      "dev": true,
      "license": "MIT",
      "optional": true,
      "os": [
        "linux"
      ],
      "engines": {
        "node": ">=12"
      }
    },
    "node_modules/esbuild-linux-64": {
      "version": "0.14.54",
      "resolved": "http://registry.npm.xiaojukeji.com/esbuild-linux-64/download/esbuild-linux-64-0.14.54.tgz",
      "integrity": "sha1-3l/boclWZs9yNp9StAsDvnEiZlI=",
      "cpu": [
        "x64"
      ],
      "dev": true,
      "license": "MIT",
      "optional": true,
      "os": [
        "linux"
      ],
      "engines": {
        "node": ">=12"
      }
    },
    "node_modules/esbuild-linux-arm": {
      "version": "0.14.54",
      "resolved": "http://registry.npm.xiaojukeji.com/esbuild-linux-arm/download/esbuild-linux-arm-0.14.54.tgz",
      "integrity": "sha1-osHf9tDyHb6PxpmKEiZ1Uz3fzVk=",
      "cpu": [
        "arm"
      ],
      "dev": true,
      "license": "MIT",
      "optional": true,
      "os": [
        "linux"
      ],
      "engines": {
        "node": ">=12"
      }
    },
    "node_modules/esbuild-linux-arm64": {
      "version": "0.14.54",
      "resolved": "http://registry.npm.xiaojukeji.com/esbuild-linux-arm64/download/esbuild-linux-arm64-0.14.54.tgz",
      "integrity": "sha1-2uTNQq6Xh0aLalwVjaTIToOwzos=",
      "cpu": [
        "arm64"
      ],
      "dev": true,
      "license": "MIT",
      "optional": true,
      "os": [
        "linux"
      ],
      "engines": {
        "node": ">=12"
      }
    },
    "node_modules/esbuild-linux-mips64le": {
      "version": "0.14.54",
      "resolved": "http://registry.npm.xiaojukeji.com/esbuild-linux-mips64le/download/esbuild-linux-mips64le-0.14.54.tgz",
      "integrity": "sha1-2ZGOnky5cvjW2ujoZVv57hMe2jQ=",
      "cpu": [
        "mips64el"
      ],
      "dev": true,
      "license": "MIT",
      "optional": true,
      "os": [
        "linux"
      ],
      "engines": {
        "node": ">=12"
      }
    },
    "node_modules/esbuild-linux-ppc64le": {
      "version": "0.14.54",
      "resolved": "http://registry.npm.xiaojukeji.com/esbuild-linux-ppc64le/download/esbuild-linux-ppc64le-0.14.54.tgz",
      "integrity": "sha1-P5oPbUEHP7GmQGgIRcfeUplfE34=",
      "cpu": [
        "ppc64"
      ],
      "dev": true,
      "license": "MIT",
      "optional": true,
      "os": [
        "linux"
      ],
      "engines": {
        "node": ">=12"
      }
    },
    "node_modules/esbuild-linux-riscv64": {
      "version": "0.14.54",
      "resolved": "http://registry.npm.xiaojukeji.com/esbuild-linux-riscv64/download/esbuild-linux-riscv64-0.14.54.tgz",
      "integrity": "sha1-YYhTwCgXimGDe8eZ0gE9RpXkUcg=",
      "cpu": [
        "riscv64"
      ],
      "dev": true,
      "license": "MIT",
      "optional": true,
      "os": [
        "linux"
      ],
      "engines": {
        "node": ">=12"
      }
    },
    "node_modules/esbuild-linux-s390x": {
      "version": "0.14.54",
      "resolved": "http://registry.npm.xiaojukeji.com/esbuild-linux-s390x/download/esbuild-linux-s390x-0.14.54.tgz",
      "integrity": "sha1-0YhcTFp2u7Wg/hguLIxg654p8qY=",
      "cpu": [
        "s390x"
      ],
      "dev": true,
      "license": "MIT",
      "optional": true,
      "os": [
        "linux"
      ],
      "engines": {
        "node": ">=12"
      }
    },
    "node_modules/esbuild-netbsd-64": {
      "version": "0.14.54",
      "resolved": "http://registry.npm.xiaojukeji.com/esbuild-netbsd-64/download/esbuild-netbsd-64-0.14.54.tgz",
      "integrity": "sha1-aa6Rei/yQbffHb8iuvBL0zA0noE=",
      "cpu": [
        "x64"
      ],
      "dev": true,
      "license": "MIT",
      "optional": true,
      "os": [
        "netbsd"
      ],
      "engines": {
        "node": ">=12"
      }
    },
    "node_modules/esbuild-openbsd-64": {
      "version": "0.14.54",
      "resolved": "http://registry.npm.xiaojukeji.com/esbuild-openbsd-64/download/esbuild-openbsd-64-0.14.54.tgz",
      "integrity": "sha1-20yElSh6NQpnkN4i7eokelfF1Hs=",
      "cpu": [
        "x64"
      ],
      "dev": true,
      "license": "MIT",
      "optional": true,
      "os": [
        "openbsd"
      ],
      "engines": {
        "node": ">=12"
      }
    },
    "node_modules/esbuild-sunos-64": {
      "version": "0.14.54",
      "resolved": "http://registry.npm.xiaojukeji.com/esbuild-sunos-64/download/esbuild-sunos-64-0.14.54.tgz",
      "integrity": "sha1-VCh+49pz04RLchwhvIDB3H4b99o=",
      "cpu": [
        "x64"
      ],
      "dev": true,
      "license": "MIT",
      "optional": true,
      "os": [
        "sunos"
      ],
      "engines": {
        "node": ">=12"
      }
    },
    "node_modules/esbuild-windows-32": {
      "version": "0.14.54",
      "resolved": "http://registry.npm.xiaojukeji.com/esbuild-windows-32/download/esbuild-windows-32-0.14.54.tgz",
      "integrity": "sha1-+Kr5pWZ2MLQPD7OqN78Bu9NAzjE=",
      "cpu": [
        "ia32"
      ],
      "dev": true,
      "license": "MIT",
      "optional": true,
      "os": [
        "win32"
      ],
      "engines": {
        "node": ">=12"
      }
    },
    "node_modules/esbuild-windows-64": {
      "version": "0.14.54",
      "resolved": "http://registry.npm.xiaojukeji.com/esbuild-windows-64/download/esbuild-windows-64-0.14.54.tgz",
      "integrity": "sha1-v1S1G9PpsPGIb/2yJKQXYDHqCvQ=",
      "cpu": [
        "x64"
      ],
      "dev": true,
      "license": "MIT",
      "optional": true,
      "os": [
        "win32"
      ],
      "engines": {
        "node": ">=12"
      }
    },
    "node_modules/esbuild-windows-arm64": {
      "version": "0.14.54",
      "resolved": "http://registry.npm.xiaojukeji.com/esbuild-windows-arm64/download/esbuild-windows-arm64-0.14.54.tgz",
      "integrity": "sha1-k30VZ1oV5LDk+v26o6Aad2or6YI=",
      "cpu": [
        "arm64"
      ],
      "dev": true,
      "license": "MIT",
      "optional": true,
      "os": [
        "win32"
      ],
      "engines": {
        "node": ">=12"
      }
    },
    "node_modules/estree-walker": {
      "version": "2.0.2",
      "resolved": "http://registry.npm.xiaojukeji.com/estree-walker/download/estree-walker-2.0.2.tgz",
      "integrity": "sha1-UvAQF4wqTBF6d1fP6UKtt9LaTKw=",
      "license": "MIT"
    },
    "node_modules/fsevents": {
      "version": "2.3.2",
      "resolved": "http://registry.npm.xiaojukeji.com/fsevents/download/fsevents-2.3.2.tgz",
      "integrity": "sha1-ilJveLj99GI7cJ4Ll1xSwkwC/Ro=",
      "dev": true,
      "hasInstallScript": true,
      "license": "MIT",
      "optional": true,
      "os": [
        "darwin"
      ],
      "engines": {
        "node": "^8.16.0 || ^10.6.0 || >=11.0.0"
      }
    },
    "node_modules/function-bind": {
      "version": "1.1.1",
      "resolved": "http://registry.npm.xiaojukeji.com/function-bind/download/function-bind-1.1.1.tgz",
      "integrity": "sha1-pWiZ0+o8m6uHS7l3O3xe3pL0iV0=",
      "dev": true,
      "license": "MIT"
    },
    "node_modules/has": {
      "version": "1.0.3",
      "resolved": "http://registry.npm.xiaojukeji.com/has/download/has-1.0.3.tgz",
      "integrity": "sha1-ci18v8H2qoJB8W3YFOAR4fQeh5Y=",
      "dev": true,
      "license": "MIT",
      "dependencies": {
        "function-bind": "^1.1.1"
      },
      "engines": {
        "node": ">= 0.4.0"
      }
    },
    "node_modules/ids": {
      "version": "1.0.0",
      "resolved": "http://registry.npm.xiaojukeji.com/ids/download/ids-1.0.0.tgz",
      "integrity": "sha1-32fy03uB18Lv/IfgPRfr/5WljAU=",
      "license": "MIT"
    },
    "node_modules/is-core-module": {
      "version": "2.10.0",
      "resolved": "http://registry.npm.xiaojukeji.com/is-core-module/download/is-core-module-2.10.0.tgz",
      "integrity": "sha1-kBLt4KkcaVh+ZHUU4dUncBnnKO0=",
      "dev": true,
      "license": "MIT",
      "dependencies": {
        "has": "^1.0.3"
      },
      "funding": {
        "url": "https://github.com/sponsors/ljharb"
      }
    },
    "node_modules/magic-string": {
      "version": "0.25.9",
      "resolved": "http://registry.npm.xiaojukeji.com/magic-string/download/magic-string-0.25.9.tgz",
      "integrity": "sha1-3n+fr5HvihyR0CwuUxTIJ3283Rw=",
      "license": "MIT",
      "dependencies": {
        "sourcemap-codec": "^1.4.8"
      }
    },
    "node_modules/mousetrap": {
      "version": "1.6.5",
      "resolved": "http://registry.npm.xiaojukeji.com/mousetrap/download/mousetrap-1.6.5.tgz",
      "integrity": "sha1-inZtjCcrCDk9X1YHTgtewYNIW/k=",
      "license": "Apache-2.0 WITH LLVM-exception"
    },
    "node_modules/nanoid": {
      "version": "3.3.4",
      "resolved": "http://registry.npm.xiaojukeji.com/nanoid/download/nanoid-3.3.4.tgz",
      "integrity": "sha1-cwtn480J4t6s8DwCfIHJ2dvF6Ks=",
      "license": "MIT",
      "bin": {
        "nanoid": "bin/nanoid.cjs"
      },
      "engines": {
        "node": "^10 || ^12 || ^13.7 || ^14 || >=15.0.1"
      }
    },
    "node_modules/path-parse": {
      "version": "1.0.7",
      "resolved": "http://registry.npm.xiaojukeji.com/path-parse/download/path-parse-1.0.7.tgz",
      "integrity": "sha1-+8EUtgykKzDZ2vWFjkvWi77bZzU=",
      "dev": true,
      "license": "MIT"
    },
    "node_modules/picocolors": {
      "version": "1.0.0",
      "resolved": "http://registry.npm.xiaojukeji.com/picocolors/download/picocolors-1.0.0.tgz",
      "integrity": "sha1-y1vcdP8/UYkiNur3nWi8RFZKuBw=",
      "license": "ISC"
    },
    "node_modules/postcss": {
      "version": "8.4.18",
      "resolved": "http://registry.npm.xiaojukeji.com/postcss/download/postcss-8.4.18.tgz",
      "integrity": "sha1-bVAEbqfT1mqF4OeCB05yA7x/vKI=",
      "funding": [
        {
          "type": "opencollective",
          "url": "https://opencollective.com/postcss/"
        },
        {
          "type": "tidelift",
          "url": "https://tidelift.com/funding/github/npm/postcss"
        }
      ],
      "license": "MIT",
      "dependencies": {
        "nanoid": "^3.3.4",
        "picocolors": "^1.0.0",
        "source-map-js": "^1.0.2"
      },
      "engines": {
        "node": "^10 || ^12 || >=14"
      }
    },
    "node_modules/preact": {
      "version": "10.11.2",
      "resolved": "http://registry.npm.xiaojukeji.com/preact/download/preact-10.11.2.tgz",
      "integrity": "sha1-5D8qLymF3ttCa7THZbe7A3c0+Kg=",
      "license": "MIT",
      "funding": {
        "type": "opencollective",
        "url": "https://opencollective.com/preact"
      }
    },
    "node_modules/resolve": {
      "version": "1.22.1",
      "resolved": "http://registry.npm.xiaojukeji.com/resolve/download/resolve-1.22.1.tgz",
      "integrity": "sha1-J8suu1P5GrtJRwqSi7p1WAZqwXc=",
      "dev": true,
      "license": "MIT",
      "dependencies": {
        "is-core-module": "^2.9.0",
        "path-parse": "^1.0.7",
        "supports-preserve-symlinks-flag": "^1.0.0"
      },
      "bin": {
        "resolve": "bin/resolve"
      },
      "funding": {
        "url": "https://github.com/sponsors/ljharb"
      }
    },
    "node_modules/rollup": {
      "version": "2.77.3",
      "resolved": "http://registry.npm.xiaojukeji.com/rollup/download/rollup-2.77.3.tgz",
      "integrity": "sha1-jwBBjTonQANuFd62U77RqQ7gzBI=",
      "dev": true,
      "license": "MIT",
      "bin": {
        "rollup": "dist/bin/rollup"
      },
      "engines": {
        "node": ">=10.0.0"
      },
      "optionalDependencies": {
        "fsevents": "~2.3.2"
      }
    },
    "node_modules/source-map": {
      "version": "0.6.1",
      "resolved": "http://registry.npm.xiaojukeji.com/source-map/download/source-map-0.6.1.tgz",
      "integrity": "sha1-dHIq8y6WFOnCh6jQu95IteLxomM=",
      "license": "BSD-3-Clause",
      "engines": {
        "node": ">=0.10.0"
      }
    },
    "node_modules/source-map-js": {
      "version": "1.0.2",
      "resolved": "http://registry.npm.xiaojukeji.com/source-map-js/download/source-map-js-1.0.2.tgz",
      "integrity": "sha1-rbw2HZxi3zgBJefxYfccgm8eSQw=",
      "license": "BSD-3-Clause",
      "engines": {
        "node": ">=0.10.0"
      }
    },
    "node_modules/sourcemap-codec": {
      "version": "1.4.8",
      "resolved": "http://registry.npm.xiaojukeji.com/sourcemap-codec/download/sourcemap-codec-1.4.8.tgz",
      "integrity": "sha1-6oBL2UhXQC5pktBaOO8a41qatMQ=",
      "license": "MIT"
    },
    "node_modules/supports-preserve-symlinks-flag": {
      "version": "1.0.0",
      "resolved": "http://registry.npm.xiaojukeji.com/supports-preserve-symlinks-flag/download/supports-preserve-symlinks-flag-1.0.0.tgz",
      "integrity": "sha1-btpL00SjyUrqN21MwxvHcxEDngk=",
      "dev": true,
      "license": "MIT",
      "engines": {
        "node": ">= 0.4"
      },
      "funding": {
        "url": "https://github.com/sponsors/ljharb"
      }
    },
    "node_modules/vite": {
      "version": "2.9.15",
      "resolved": "http://registry.npm.xiaojukeji.com/vite/download/vite-2.9.15.tgz",
      "integrity": "sha1-KFjdWyviaqOUooPmIyQoGJJUbws=",
      "dev": true,
      "license": "MIT",
      "dependencies": {
        "esbuild": "^0.14.27",
        "postcss": "^8.4.13",
        "resolve": "^1.22.0",
        "rollup": ">=2.59.0 <2.78.0"
      },
      "bin": {
        "vite": "bin/vite.js"
      },
      "engines": {
        "node": ">=12.2.0"
      },
      "optionalDependencies": {
        "fsevents": "~2.3.2"
      },
      "peerDependencies": {
        "less": "*",
        "sass": "*",
        "stylus": "*"
      },
      "peerDependenciesMeta": {
        "less": {
          "optional": true
        },
        "sass": {
          "optional": true
        },
        "stylus": {
          "optional": true
        }
      }
    },
    "node_modules/vue": {
      "version": "3.2.39",
      "resolved": "http://registry.npm.xiaojukeji.com/vue/download/vue-3.2.39.tgz",
      "integrity": "sha1-3gccVsTDLEHL1U5V8RQEKVwN1i0=",
      "license": "MIT",
      "dependencies": {
        "@vue/compiler-dom": "3.2.39",
        "@vue/compiler-sfc": "3.2.39",
        "@vue/runtime-dom": "3.2.39",
        "@vue/server-renderer": "3.2.39",
        "@vue/shared": "3.2.39"
      }
    }
  },
  "dependencies": {
    "@babel/parser": {
      "version": "7.19.4",
      "resolved": "http://registry.npm.xiaojukeji.com/@babel/parser/download/@babel/parser-7.19.4.tgz",
      "integrity": "sha1-A8QznSuJces77KUlK6/Zufeds9w="
    },
    "@esbuild/linux-loong64": {
      "version": "0.14.54",
      "resolved": "http://registry.npm.xiaojukeji.com/@esbuild/linux-loong64/download/@esbuild/linux-loong64-0.14.54.tgz",
      "integrity": "sha1-3ipL5ni9TQ0f+7hubed5zeWZkCg=",
      "dev": true,
      "optional": true
    },
    "@logicflow/core": {
      "version": "1.1.29",
      "resolved": "http://registry.npm.xiaojukeji.com/@logicflow/core/download/@logicflow/core-1.1.29.tgz",
      "integrity": "sha1-E1ndp1/7kaOX+kc7ynVKjFzjDL4=",
      "requires": {
        "@types/mousetrap": "^1.6.4",
        "mousetrap": "^1.6.5",
        "preact": "^10.4.8"
      }
    },
    "@logicflow/extension": {
      "version": "1.1.29",
      "resolved": "http://registry.npm.xiaojukeji.com/@logicflow/extension/download/@logicflow/extension-1.1.29.tgz",
      "integrity": "sha1-aUfUgyLfkez3vJQosOuBR50cLTI=",
      "requires": {
        "@logicflow/core": "^1.1.29",
        "ids": "^1.0.0",
        "preact": "^10.4.8"
      }
    },
    "@types/mousetrap": {
      "version": "1.6.9",
      "resolved": "http://registry.npm.xiaojukeji.com/@types/mousetrap/download/@types/mousetrap-1.6.9.tgz",
      "integrity": "sha1-8e+a29Hqw0ZvIbaYixyCxjOkU0A="
    },
    "@vitejs/plugin-vue": {
      "version": "2.3.4",
      "resolved": "http://registry.npm.xiaojukeji.com/@vitejs/plugin-vue/download/@vitejs/plugin-vue-2.3.4.tgz",
      "integrity": "sha1-lmpieQYOstnRoC6hozGvBxr9z54=",
      "dev": true,
      "requires": {}
    },
    "@vue/compiler-core": {
      "version": "3.2.39",
      "resolved": "http://registry.npm.xiaojukeji.com/@vue/compiler-core/download/@vue/compiler-core-3.2.39.tgz",
      "integrity": "sha1-DXfmNfS9uRgyZmkVWi3Jd8BTlD4=",
      "requires": {
        "@babel/parser": "^7.16.4",
        "@vue/shared": "3.2.39",
        "estree-walker": "^2.0.2",
        "source-map": "^0.6.1"
      }
    },
    "@vue/compiler-dom": {
      "version": "3.2.39",
      "resolved": "http://registry.npm.xiaojukeji.com/@vue/compiler-dom/download/@vue/compiler-dom-3.2.39.tgz",
      "integrity": "sha1-vWnTXBpI/izqSrnpbSo6c10Ub98=",
      "requires": {
        "@vue/compiler-core": "3.2.39",
        "@vue/shared": "3.2.39"
      }
    },
    "@vue/compiler-sfc": {
      "version": "3.2.39",
      "resolved": "http://registry.npm.xiaojukeji.com/@vue/compiler-sfc/download/@vue/compiler-sfc-3.2.39.tgz",
      "integrity": "sha1-j+KZkPZygFt8Wi7PpbBeaByGLqI=",
      "requires": {
        "@babel/parser": "^7.16.4",
        "@vue/compiler-core": "3.2.39",
        "@vue/compiler-dom": "3.2.39",
        "@vue/compiler-ssr": "3.2.39",
        "@vue/reactivity-transform": "3.2.39",
        "@vue/shared": "3.2.39",
        "estree-walker": "^2.0.2",
        "magic-string": "^0.25.7",
        "postcss": "^8.1.10",
        "source-map": "^0.6.1"
      }
    },
    "@vue/compiler-ssr": {
      "version": "3.2.39",
      "resolved": "http://registry.npm.xiaojukeji.com/@vue/compiler-ssr/download/@vue/compiler-ssr-3.2.39.tgz",
      "integrity": "sha1-Tzv7U1y5i3ZL7kXgeHAOA8zGBjM=",
      "requires": {
        "@vue/compiler-dom": "3.2.39",
        "@vue/shared": "3.2.39"
      }
    },
    "@vue/reactivity": {
      "version": "3.2.39",
      "resolved": "http://registry.npm.xiaojukeji.com/@vue/reactivity/download/@vue/reactivity-3.2.39.tgz",
      "integrity": "sha1-5uNhX+IojUIysQRkDdq9BymnjIA=",
      "requires": {
        "@vue/shared": "3.2.39"
      }
    },
    "@vue/reactivity-transform": {
      "version": "3.2.39",
      "resolved": "http://registry.npm.xiaojukeji.com/@vue/reactivity-transform/download/@vue/reactivity-transform-3.2.39.tgz",
      "integrity": "sha1-2mrmyP13eRua4hl2cg0RZZHhxKo=",
      "requires": {
        "@babel/parser": "^7.16.4",
        "@vue/compiler-core": "3.2.39",
        "@vue/shared": "3.2.39",
        "estree-walker": "^2.0.2",
        "magic-string": "^0.25.7"
      }
    },
    "@vue/runtime-core": {
      "version": "3.2.39",
      "resolved": "http://registry.npm.xiaojukeji.com/@vue/runtime-core/download/@vue/runtime-core-3.2.39.tgz",
      "integrity": "sha1-3B+syrEbPoEZeroz+zDJRHwdLIQ=",
      "requires": {
        "@vue/reactivity": "3.2.39",
        "@vue/shared": "3.2.39"
      }
    },
    "@vue/runtime-dom": {
      "version": "3.2.39",
      "resolved": "http://registry.npm.xiaojukeji.com/@vue/runtime-dom/download/@vue/runtime-dom-3.2.39.tgz",
      "integrity": "sha1-SoyxMrzvMW6BUcXtB/xycusGRhQ=",
      "requires": {
        "@vue/runtime-core": "3.2.39",
        "@vue/shared": "3.2.39",
        "csstype": "^2.6.8"
      }
    },
    "@vue/server-renderer": {
      "version": "3.2.39",
      "resolved": "http://registry.npm.xiaojukeji.com/@vue/server-renderer/download/@vue/server-renderer-3.2.39.tgz",
      "integrity": "sha1-Q1gpLZJSM7DYtUzwUT6uzosjUcU=",
      "requires": {
        "@vue/compiler-ssr": "3.2.39",
        "@vue/shared": "3.2.39"
      }
    },
    "@vue/shared": {
      "version": "3.2.39",
      "resolved": "http://registry.npm.xiaojukeji.com/@vue/shared/download/@vue/shared-3.2.39.tgz",
      "integrity": "sha1-MC3xZ1WaGlFW2hYtjMZ2DO9n+OM="
    },
    "csstype": {
      "version": "2.6.21",
      "resolved": "http://registry.npm.xiaojukeji.com/csstype/download/csstype-2.6.21.tgz",
      "integrity": "sha1-LvuFt8xVyAAXxmpa18vZMf2jqQ4="
    },
    "esbuild": {
      "version": "0.14.54",
      "resolved": "http://registry.npm.xiaojukeji.com/esbuild/download/esbuild-0.14.54.tgz",
      "integrity": "sha1-i0Tc8rDxpm/CJFmUPcz0d1NemqI=",
      "dev": true,
      "requires": {
        "@esbuild/linux-loong64": "0.14.54",
        "esbuild-android-64": "0.14.54",
        "esbuild-android-arm64": "0.14.54",
        "esbuild-darwin-64": "0.14.54",
        "esbuild-darwin-arm64": "0.14.54",
        "esbuild-freebsd-64": "0.14.54",
        "esbuild-freebsd-arm64": "0.14.54",
        "esbuild-linux-32": "0.14.54",
        "esbuild-linux-64": "0.14.54",
        "esbuild-linux-arm": "0.14.54",
        "esbuild-linux-arm64": "0.14.54",
        "esbuild-linux-mips64le": "0.14.54",
        "esbuild-linux-ppc64le": "0.14.54",
        "esbuild-linux-riscv64": "0.14.54",
        "esbuild-linux-s390x": "0.14.54",
        "esbuild-netbsd-64": "0.14.54",
        "esbuild-openbsd-64": "0.14.54",
        "esbuild-sunos-64": "0.14.54",
        "esbuild-windows-32": "0.14.54",
        "esbuild-windows-64": "0.14.54",
        "esbuild-windows-arm64": "0.14.54"
      }
    },
    "esbuild-android-64": {
      "version": "0.14.54",
      "resolved": "http://registry.npm.xiaojukeji.com/esbuild-android-64/download/esbuild-android-64-0.14.54.tgz",
      "integrity": "sha1-UF9BgyiEMTu6/7J3BLi8qi2GFr4=",
      "dev": true,
      "optional": true
    },
    "esbuild-android-arm64": {
      "version": "0.14.54",
      "resolved": "http://registry.npm.xiaojukeji.com/esbuild-android-arm64/download/esbuild-android-arm64-0.14.54.tgz",
      "integrity": "sha1-jOadfKuklkbgCZaP5XVKIamHF3E=",
      "dev": true,
      "optional": true
    },
    "esbuild-darwin-64": {
      "version": "0.14.54",
      "resolved": "http://registry.npm.xiaojukeji.com/esbuild-darwin-64/download/esbuild-darwin-64-0.14.54.tgz",
      "integrity": "sha1-JLpnuajLiQo8CNkBj4h8wiHN2iU=",
      "dev": true,
      "optional": true
    },
    "esbuild-darwin-arm64": {
      "version": "0.14.54",
      "resolved": "http://registry.npm.xiaojukeji.com/esbuild-darwin-arm64/download/esbuild-darwin-arm64-0.14.54.tgz",
      "integrity": "sha1-P3zbeIiO4F5IjSUKK9qrH6Zxv3M=",
      "dev": true,
      "optional": true
    },
    "esbuild-freebsd-64": {
      "version": "0.14.54",
      "resolved": "http://registry.npm.xiaojukeji.com/esbuild-freebsd-64/download/esbuild-freebsd-64-0.14.54.tgz",
      "integrity": "sha1-CSUPmXpW7UZQ8+GXnJBf/EC76U0=",
      "dev": true,
      "optional": true
    },
    "esbuild-freebsd-arm64": {
      "version": "0.14.54",
      "resolved": "http://registry.npm.xiaojukeji.com/esbuild-freebsd-arm64/download/esbuild-freebsd-arm64-0.14.54.tgz",
      "integrity": "sha1-uvtG7QT8X5fL2wFthpR6eVefjkg=",
      "dev": true,
      "optional": true
    },
    "esbuild-linux-32": {
      "version": "0.14.54",
      "resolved": "http://registry.npm.xiaojukeji.com/esbuild-linux-32/download/esbuild-linux-32-0.14.54.tgz",
      "integrity": "sha1-4qjEqO/cNVQFMlAz/OvrlB94H+U=",
      "dev": true,
      "optional": true
    },
    "esbuild-linux-64": {
      "version": "0.14.54",
      "resolved": "http://registry.npm.xiaojukeji.com/esbuild-linux-64/download/esbuild-linux-64-0.14.54.tgz",
      "integrity": "sha1-3l/boclWZs9yNp9StAsDvnEiZlI=",
      "dev": true,
      "optional": true
    },
    "esbuild-linux-arm": {
      "version": "0.14.54",
      "resolved": "http://registry.npm.xiaojukeji.com/esbuild-linux-arm/download/esbuild-linux-arm-0.14.54.tgz",
      "integrity": "sha1-osHf9tDyHb6PxpmKEiZ1Uz3fzVk=",
      "dev": true,
      "optional": true
    },
    "esbuild-linux-arm64": {
      "version": "0.14.54",
      "resolved": "http://registry.npm.xiaojukeji.com/esbuild-linux-arm64/download/esbuild-linux-arm64-0.14.54.tgz",
      "integrity": "sha1-2uTNQq6Xh0aLalwVjaTIToOwzos=",
      "dev": true,
      "optional": true
    },
    "esbuild-linux-mips64le": {
      "version": "0.14.54",
      "resolved": "http://registry.npm.xiaojukeji.com/esbuild-linux-mips64le/download/esbuild-linux-mips64le-0.14.54.tgz",
      "integrity": "sha1-2ZGOnky5cvjW2ujoZVv57hMe2jQ=",
      "dev": true,
      "optional": true
    },
    "esbuild-linux-ppc64le": {
      "version": "0.14.54",
      "resolved": "http://registry.npm.xiaojukeji.com/esbuild-linux-ppc64le/download/esbuild-linux-ppc64le-0.14.54.tgz",
      "integrity": "sha1-P5oPbUEHP7GmQGgIRcfeUplfE34=",
      "dev": true,
      "optional": true
    },
    "esbuild-linux-riscv64": {
      "version": "0.14.54",
      "resolved": "http://registry.npm.xiaojukeji.com/esbuild-linux-riscv64/download/esbuild-linux-riscv64-0.14.54.tgz",
      "integrity": "sha1-YYhTwCgXimGDe8eZ0gE9RpXkUcg=",
      "dev": true,
      "optional": true
    },
    "esbuild-linux-s390x": {
      "version": "0.14.54",
      "resolved": "http://registry.npm.xiaojukeji.com/esbuild-linux-s390x/download/esbuild-linux-s390x-0.14.54.tgz",
      "integrity": "sha1-0YhcTFp2u7Wg/hguLIxg654p8qY=",
      "dev": true,
      "optional": true
    },
    "esbuild-netbsd-64": {
      "version": "0.14.54",
      "resolved": "http://registry.npm.xiaojukeji.com/esbuild-netbsd-64/download/esbuild-netbsd-64-0.14.54.tgz",
      "integrity": "sha1-aa6Rei/yQbffHb8iuvBL0zA0noE=",
      "dev": true,
      "optional": true
    },
    "esbuild-openbsd-64": {
      "version": "0.14.54",
      "resolved": "http://registry.npm.xiaojukeji.com/esbuild-openbsd-64/download/esbuild-openbsd-64-0.14.54.tgz",
      "integrity": "sha1-20yElSh6NQpnkN4i7eokelfF1Hs=",
      "dev": true,
      "optional": true
    },
    "esbuild-sunos-64": {
      "version": "0.14.54",
      "resolved": "http://registry.npm.xiaojukeji.com/esbuild-sunos-64/download/esbuild-sunos-64-0.14.54.tgz",
      "integrity": "sha1-VCh+49pz04RLchwhvIDB3H4b99o=",
      "dev": true,
      "optional": true
    },
    "esbuild-windows-32": {
      "version": "0.14.54",
      "resolved": "http://registry.npm.xiaojukeji.com/esbuild-windows-32/download/esbuild-windows-32-0.14.54.tgz",
      "integrity": "sha1-+Kr5pWZ2MLQPD7OqN78Bu9NAzjE=",
      "dev": true,
      "optional": true
    },
    "esbuild-windows-64": {
      "version": "0.14.54",
      "resolved": "http://registry.npm.xiaojukeji.com/esbuild-windows-64/download/esbuild-windows-64-0.14.54.tgz",
      "integrity": "sha1-v1S1G9PpsPGIb/2yJKQXYDHqCvQ=",
      "dev": true,
      "optional": true
    },
    "esbuild-windows-arm64": {
      "version": "0.14.54",
      "resolved": "http://registry.npm.xiaojukeji.com/esbuild-windows-arm64/download/esbuild-windows-arm64-0.14.54.tgz",
      "integrity": "sha1-k30VZ1oV5LDk+v26o6Aad2or6YI=",
      "dev": true,
      "optional": true
    },
    "estree-walker": {
      "version": "2.0.2",
      "resolved": "http://registry.npm.xiaojukeji.com/estree-walker/download/estree-walker-2.0.2.tgz",
      "integrity": "sha1-UvAQF4wqTBF6d1fP6UKtt9LaTKw="
    },
    "fsevents": {
      "version": "2.3.2",
      "resolved": "http://registry.npm.xiaojukeji.com/fsevents/download/fsevents-2.3.2.tgz",
      "integrity": "sha1-ilJveLj99GI7cJ4Ll1xSwkwC/Ro=",
      "dev": true,
      "optional": true
    },
    "function-bind": {
      "version": "1.1.1",
      "resolved": "http://registry.npm.xiaojukeji.com/function-bind/download/function-bind-1.1.1.tgz",
      "integrity": "sha1-pWiZ0+o8m6uHS7l3O3xe3pL0iV0=",
      "dev": true
    },
    "has": {
      "version": "1.0.3",
      "resolved": "http://registry.npm.xiaojukeji.com/has/download/has-1.0.3.tgz",
      "integrity": "sha1-ci18v8H2qoJB8W3YFOAR4fQeh5Y=",
      "dev": true,
      "requires": {
        "function-bind": "^1.1.1"
      }
    },
    "ids": {
      "version": "1.0.0",
      "resolved": "http://registry.npm.xiaojukeji.com/ids/download/ids-1.0.0.tgz",
      "integrity": "sha1-32fy03uB18Lv/IfgPRfr/5WljAU="
    },
    "is-core-module": {
      "version": "2.10.0",
      "resolved": "http://registry.npm.xiaojukeji.com/is-core-module/download/is-core-module-2.10.0.tgz",
      "integrity": "sha1-kBLt4KkcaVh+ZHUU4dUncBnnKO0=",
      "dev": true,
      "requires": {
        "has": "^1.0.3"
      }
    },
    "magic-string": {
      "version": "0.25.9",
      "resolved": "http://registry.npm.xiaojukeji.com/magic-string/download/magic-string-0.25.9.tgz",
      "integrity": "sha1-3n+fr5HvihyR0CwuUxTIJ3283Rw=",
      "requires": {
        "sourcemap-codec": "^1.4.8"
      }
    },
    "mousetrap": {
      "version": "1.6.5",
      "resolved": "http://registry.npm.xiaojukeji.com/mousetrap/download/mousetrap-1.6.5.tgz",
      "integrity": "sha1-inZtjCcrCDk9X1YHTgtewYNIW/k="
    },
    "nanoid": {
      "version": "3.3.4",
      "resolved": "http://registry.npm.xiaojukeji.com/nanoid/download/nanoid-3.3.4.tgz",
      "integrity": "sha1-cwtn480J4t6s8DwCfIHJ2dvF6Ks="
    },
    "path-parse": {
      "version": "1.0.7",
      "resolved": "http://registry.npm.xiaojukeji.com/path-parse/download/path-parse-1.0.7.tgz",
      "integrity": "sha1-+8EUtgykKzDZ2vWFjkvWi77bZzU=",
      "dev": true
    },
    "picocolors": {
      "version": "1.0.0",
      "resolved": "http://registry.npm.xiaojukeji.com/picocolors/download/picocolors-1.0.0.tgz",
      "integrity": "sha1-y1vcdP8/UYkiNur3nWi8RFZKuBw="
    },
    "postcss": {
      "version": "8.4.18",
      "resolved": "http://registry.npm.xiaojukeji.com/postcss/download/postcss-8.4.18.tgz",
      "integrity": "sha1-bVAEbqfT1mqF4OeCB05yA7x/vKI=",
      "requires": {
        "nanoid": "^3.3.4",
        "picocolors": "^1.0.0",
        "source-map-js": "^1.0.2"
      }
    },
    "preact": {
      "version": "10.11.2",
      "resolved": "http://registry.npm.xiaojukeji.com/preact/download/preact-10.11.2.tgz",
      "integrity": "sha1-5D8qLymF3ttCa7THZbe7A3c0+Kg="
    },
    "resolve": {
      "version": "1.22.1",
      "resolved": "http://registry.npm.xiaojukeji.com/resolve/download/resolve-1.22.1.tgz",
      "integrity": "sha1-J8suu1P5GrtJRwqSi7p1WAZqwXc=",
      "dev": true,
      "requires": {
        "is-core-module": "^2.9.0",
        "path-parse": "^1.0.7",
        "supports-preserve-symlinks-flag": "^1.0.0"
      }
    },
    "rollup": {
      "version": "2.77.3",
      "resolved": "http://registry.npm.xiaojukeji.com/rollup/download/rollup-2.77.3.tgz",
      "integrity": "sha1-jwBBjTonQANuFd62U77RqQ7gzBI=",
      "dev": true,
      "requires": {
        "fsevents": "~2.3.2"
      }
    },
    "source-map": {
      "version": "0.6.1",
      "resolved": "http://registry.npm.xiaojukeji.com/source-map/download/source-map-0.6.1.tgz",
      "integrity": "sha1-dHIq8y6WFOnCh6jQu95IteLxomM="
    },
    "source-map-js": {
      "version": "1.0.2",
      "resolved": "http://registry.npm.xiaojukeji.com/source-map-js/download/source-map-js-1.0.2.tgz",
      "integrity": "sha1-rbw2HZxi3zgBJefxYfccgm8eSQw="
    },
    "sourcemap-codec": {
      "version": "1.4.8",
      "resolved": "http://registry.npm.xiaojukeji.com/sourcemap-codec/download/sourcemap-codec-1.4.8.tgz",
      "integrity": "sha1-6oBL2UhXQC5pktBaOO8a41qatMQ="
    },
    "supports-preserve-symlinks-flag": {
      "version": "1.0.0",
      "resolved": "http://registry.npm.xiaojukeji.com/supports-preserve-symlinks-flag/download/supports-preserve-symlinks-flag-1.0.0.tgz",
      "integrity": "sha1-btpL00SjyUrqN21MwxvHcxEDngk=",
      "dev": true
    },
    "vite": {
      "version": "2.9.15",
      "resolved": "http://registry.npm.xiaojukeji.com/vite/download/vite-2.9.15.tgz",
      "integrity": "sha1-KFjdWyviaqOUooPmIyQoGJJUbws=",
      "dev": true,
      "requires": {
        "esbuild": "^0.14.27",
        "fsevents": "~2.3.2",
        "postcss": "^8.4.13",
        "resolve": "^1.22.0",
        "rollup": ">=2.59.0 <2.78.0"
      }
    },
    "vue": {
      "version": "3.2.39",
      "resolved": "http://registry.npm.xiaojukeji.com/vue/download/vue-3.2.39.tgz",
      "integrity": "sha1-3gccVsTDLEHL1U5V8RQEKVwN1i0=",
      "requires": {
        "@vue/compiler-dom": "3.2.39",
        "@vue/compiler-sfc": "3.2.39",
        "@vue/runtime-dom": "3.2.39",
        "@vue/server-renderer": "3.2.39",
        "@vue/shared": "3.2.39"
      }
    }
  }
}
